
Microsoft Visual Studio Solution File, Format Version 12.00
# Visual Studio 2013
VisualStudioVersion = 12.0.31101.0
MinimumVisualStudioVersion = 10.0.40219.1
Project("{2150E333-8FDC-42A3-9474-1A3956D46DE8}") = "Engine", "Engine", "{863BA373-30CC-4C16-922E-C693FBA2282B}"
EndProject
Project("{2150E333-8FDC-42A3-9474-1A3956D46DE8}") = "Games", "Games", "{DCC241A1-0C6D-4C42-8B4A-C7CD18A9A0F6}"
EndProject
Project("{8BC9CEB8-8B4A-11D0-8D11-00A0C91BC942}") = "VRKarts", "Intermediate\ProjectFiles\VRKarts.vcxproj", "{ECBA2120-FD55-4019-9DDB-8BF2A54619C2}"
EndProject
Project("{8BC9CEB8-8B4A-11D0-8D11-00A0C91BC942}") = "UE4", "Intermediate\ProjectFiles\UE4.vcxproj", "{F5A2B591-19FE-433A-B4A7-A9FB63B689A7}"
EndProject
Global
	GlobalSection(SolutionConfigurationPlatforms) = preSolution
		DebugGame Editor|Windows = DebugGame Editor|Windows
		DebugGame|Windows = DebugGame|Windows
		Development Editor|Windows = Development Editor|Windows
		Development|Windows = Development|Windows
		Shipping|Windows = Shipping|Windows
	EndGlobalSection
	GlobalSection(ProjectConfigurationPlatforms) = postSolution
		{ECBA2120-FD55-4019-9DDB-8BF2A54619C2}.DebugGame Editor|Windows.ActiveCfg = DebugGame_Editor|x64
		{ECBA2120-FD55-4019-9DDB-8BF2A54619C2}.DebugGame Editor|Windows.Build.0 = DebugGame_Editor|x64
		{ECBA2120-FD55-4019-9DDB-8BF2A54619C2}.DebugGame|Windows.ActiveCfg = DebugGame_Game|x64
		{ECBA2120-FD55-4019-9DDB-8BF2A54619C2}.DebugGame|Windows.Build.0 = DebugGame_Game|x64
		{ECBA2120-FD55-4019-9DDB-8BF2A54619C2}.Development Editor|Windows.ActiveCfg = Development_Editor|x64
		{ECBA2120-FD55-4019-9DDB-8BF2A54619C2}.Development Editor|Windows.Build.0 = Development_Editor|x64
		{ECBA2120-FD55-4019-9DDB-8BF2A54619C2}.Development|Windows.ActiveCfg = Development_Game|x64
		{ECBA2120-FD55-4019-9DDB-8BF2A54619C2}.Development|Windows.Build.0 = Development_Game|x64
		{ECBA2120-FD55-4019-9DDB-8BF2A54619C2}.Shipping|Windows.ActiveCfg = Shipping_Game|Win32
		{ECBA2120-FD55-4019-9DDB-8BF2A54619C2}.Shipping|Windows.Build.0 = Shipping_Game|Win32
		{F5A2B591-19FE-433A-B4A7-A9FB63B689A7}.DebugGame Editor|Windows.ActiveCfg = BuiltWithUnrealBuildTool|Win32
		{F5A2B591-19FE-433A-B4A7-A9FB63B689A7}.DebugGame|Windows.ActiveCfg = BuiltWithUnrealBuildTool|Win32
		{F5A2B591-19FE-433A-B4A7-A9FB63B689A7}.Development Editor|Windows.ActiveCfg = BuiltWithUnrealBuildTool|Win32
		{F5A2B591-19FE-433A-B4A7-A9FB63B689A7}.Development|Windows.ActiveCfg = BuiltWithUnrealBuildTool|Win32
		{F5A2B591-19FE-433A-B4A7-A9FB63B689A7}.Shipping|Windows.ActiveCfg = BuiltWithUnrealBuildTool|Win32
	EndGlobalSection
	GlobalSection(SolutionProperties) = preSolution
		HideSolutionNode = FALSE
	EndGlobalSection
	GlobalSection(NestedProjects) = preSolution
		{ECBA2120-FD55-4019-9DDB-8BF2A54619C2} = {DCC241A1-0C6D-4C42-8B4A-C7CD18A9A0F6}
		{F5A2B591-19FE-433A-B4A7-A9FB63B689A7} = {863BA373-30CC-4C16-922E-C693FBA2282B}
	EndGlobalSection
EndGlobal
